
Microsoft Visual Studio Solution File, Format Version 12.00
# Visual Studio Version 17
Project("{2150E333-8FDC-42A3-9474-1A3956D46DE8}") = "CMakePredefinedTargets", "CMakePredefinedTargets", "{0A0497B2-72AF-3233-A381-3938605F32B2}"
EndProject
Project("{2150E333-8FDC-42A3-9474-1A3956D46DE8}") = "GLFW3", "GLFW3", "{77402690-B65A-3ED4-9FD4-459EAA88CBD9}"
EndProject
Project("{8BC9CEB8-8B4A-11D0-8D11-00A0C91BC942}") = "ALL_BUILD", "ALL_BUILD.vcxproj", "{BB8CED3A-E01F-3142-B022-0E9EA13EB075}"
	ProjectSection(ProjectDependencies) = postProject
		{7E31DFCB-3AC2-3145-9A01-E57F3BA3EF7F} = {7E31DFCB-3AC2-3145-9A01-E57F3BA3EF7F}
		{4F1685B3-C886-3F81-9880-2EA4098EDAF5} = {4F1685B3-C886-3F81-9880-2EA4098EDAF5}
		{50A8AB91-4F79-3216-88B5-5B05E10254C0} = {50A8AB91-4F79-3216-88B5-5B05E10254C0}
	EndProjectSection
EndProject
Project("{8BC9CEB8-8B4A-11D0-8D11-00A0C91BC942}") = "INSTALL", "INSTALL.vcxproj", "{7C75F359-D132-3EC4-9903-70A1A4BBD7C2}"
	ProjectSection(ProjectDependencies) = postProject
		{BB8CED3A-E01F-3142-B022-0E9EA13EB075} = {BB8CED3A-E01F-3142-B022-0E9EA13EB075}
		{7E31DFCB-3AC2-3145-9A01-E57F3BA3EF7F} = {7E31DFCB-3AC2-3145-9A01-E57F3BA3EF7F}
	EndProjectSection
EndProject
Project("{8BC9CEB8-8B4A-11D0-8D11-00A0C91BC942}") = "PACKAGE", "PACKAGE.vcxproj", "{B1714679-6A2E-342A-AC65-098983AFC68A}"
	ProjectSection(ProjectDependencies) = postProject
		{BB8CED3A-E01F-3142-B022-0E9EA13EB075} = {BB8CED3A-E01F-3142-B022-0E9EA13EB075}
		{7E31DFCB-3AC2-3145-9A01-E57F3BA3EF7F} = {7E31DFCB-3AC2-3145-9A01-E57F3BA3EF7F}
	EndProjectSection
EndProject
Project("{8BC9CEB8-8B4A-11D0-8D11-00A0C91BC942}") = "ZERO_CHECK", "..\..\\ZERO_CHECK.vcxproj", "{7E31DFCB-3AC2-3145-9A01-E57F3BA3EF7F}"
	ProjectSection(ProjectDependencies) = postProject
	EndProjectSection
EndProject
Project("{8BC9CEB8-8B4A-11D0-8D11-00A0C91BC942}") = "glfw", "raylib\external\glfw\src\glfw.vcxproj", "{4F1685B3-C886-3F81-9880-2EA4098EDAF5}"
	ProjectSection(ProjectDependencies) = postProject
		{7E31DFCB-3AC2-3145-9A01-E57F3BA3EF7F} = {7E31DFCB-3AC2-3145-9A01-E57F3BA3EF7F}
	EndProjectSection
EndProject
Project("{8BC9CEB8-8B4A-11D0-8D11-00A0C91BC942}") = "raylib", "raylib\raylib.vcxproj", "{50A8AB91-4F79-3216-88B5-5B05E10254C0}"
	ProjectSection(ProjectDependencies) = postProject
		{7E31DFCB-3AC2-3145-9A01-E57F3BA3EF7F} = {7E31DFCB-3AC2-3145-9A01-E57F3BA3EF7F}
		{4F1685B3-C886-3F81-9880-2EA4098EDAF5} = {4F1685B3-C886-3F81-9880-2EA4098EDAF5}
	EndProjectSection
EndProject
Project("{8BC9CEB8-8B4A-11D0-8D11-00A0C91BC942}") = "update_mappings", "raylib\external\glfw\src\update_mappings.vcxproj", "{B48637FA-626A-398B-B225-5C10F7EB404D}"
	ProjectSection(ProjectDependencies) = postProject
		{7E31DFCB-3AC2-3145-9A01-E57F3BA3EF7F} = {7E31DFCB-3AC2-3145-9A01-E57F3BA3EF7F}
	EndProjectSection
EndProject
Global
	GlobalSection(SolutionConfigurationPlatforms) = preSolution
		Debug|x64 = Debug|x64
		Release|x64 = Release|x64
		MinSizeRel|x64 = MinSizeRel|x64
		RelWithDebInfo|x64 = RelWithDebInfo|x64
	EndGlobalSection
	GlobalSection(ProjectConfigurationPlatforms) = postSolution
		{BB8CED3A-E01F-3142-B022-0E9EA13EB075}.Debug|x64.ActiveCfg = Debug|x64
		{BB8CED3A-E01F-3142-B022-0E9EA13EB075}.Debug|x64.Build.0 = Debug|x64
		{BB8CED3A-E01F-3142-B022-0E9EA13EB075}.Release|x64.ActiveCfg = Release|x64
		{BB8CED3A-E01F-3142-B022-0E9EA13EB075}.Release|x64.Build.0 = Release|x64
		{BB8CED3A-E01F-3142-B022-0E9EA13EB075}.MinSizeRel|x64.ActiveCfg = MinSizeRel|x64
		{BB8CED3A-E01F-3142-B022-0E9EA13EB075}.MinSizeRel|x64.Build.0 = MinSizeRel|x64
		{BB8CED3A-E01F-3142-B022-0E9EA13EB075}.RelWithDebInfo|x64.ActiveCfg = RelWithDebInfo|x64
		{BB8CED3A-E01F-3142-B022-0E9EA13EB075}.RelWithDebInfo|x64.Build.0 = RelWithDebInfo|x64
		{7C75F359-D132-3EC4-9903-70A1A4BBD7C2}.Debug|x64.ActiveCfg = Debug|x64
		{7C75F359-D132-3EC4-9903-70A1A4BBD7C2}.Release|x64.ActiveCfg = Release|x64
		{7C75F359-D132-3EC4-9903-70A1A4BBD7C2}.MinSizeRel|x64.ActiveCfg = MinSizeRel|x64
		{7C75F359-D132-3EC4-9903-70A1A4BBD7C2}.RelWithDebInfo|x64.ActiveCfg = RelWithDebInfo|x64
		{B1714679-6A2E-342A-AC65-098983AFC68A}.Debug|x64.ActiveCfg = Debug|x64
		{B1714679-6A2E-342A-AC65-098983AFC68A}.Release|x64.ActiveCfg = Release|x64
		{B1714679-6A2E-342A-AC65-098983AFC68A}.MinSizeRel|x64.ActiveCfg = MinSizeRel|x64
		{B1714679-6A2E-342A-AC65-098983AFC68A}.RelWithDebInfo|x64.ActiveCfg = RelWithDebInfo|x64
		{7E31DFCB-3AC2-3145-9A01-E57F3BA3EF7F}.Debug|x64.ActiveCfg = Debug|x64
		{7E31DFCB-3AC2-3145-9A01-E57F3BA3EF7F}.Debug|x64.Build.0 = Debug|x64
		{7E31DFCB-3AC2-3145-9A01-E57F3BA3EF7F}.Release|x64.ActiveCfg = Release|x64
		{7E31DFCB-3AC2-3145-9A01-E57F3BA3EF7F}.Release|x64.Build.0 = Release|x64
		{7E31DFCB-3AC2-3145-9A01-E57F3BA3EF7F}.MinSizeRel|x64.ActiveCfg = MinSizeRel|x64
		{7E31DFCB-3AC2-3145-9A01-E57F3BA3EF7F}.MinSizeRel|x64.Build.0 = MinSizeRel|x64
		{7E31DFCB-3AC2-3145-9A01-E57F3BA3EF7F}.RelWithDebInfo|x64.ActiveCfg = RelWithDebInfo|x64
		{7E31DFCB-3AC2-3145-9A01-E57F3BA3EF7F}.RelWithDebInfo|x64.Build.0 = RelWithDebInfo|x64
		{4F1685B3-C886-3F81-9880-2EA4098EDAF5}.Debug|x64.ActiveCfg = Debug|x64
		{4F1685B3-C886-3F81-9880-2EA4098EDAF5}.Debug|x64.Build.0 = Debug|x64
		{4F1685B3-C886-3F81-9880-2EA4098EDAF5}.Release|x64.ActiveCfg = Release|x64
		{4F1685B3-C886-3F81-9880-2EA4098EDAF5}.Release|x64.Build.0 = Release|x64
		{4F1685B3-C886-3F81-9880-2EA4098EDAF5}.MinSizeRel|x64.ActiveCfg = MinSizeRel|x64
		{4F1685B3-C886-3F81-9880-2EA4098EDAF5}.MinSizeRel|x64.Build.0 = MinSizeRel|x64
		{4F1685B3-C886-3F81-9880-2EA4098EDAF5}.RelWithDebInfo|x64.ActiveCfg = RelWithDebInfo|x64
		{4F1685B3-C886-3F81-9880-2EA4098EDAF5}.RelWithDebInfo|x64.Build.0 = RelWithDebInfo|x64
		{50A8AB91-4F79-3216-88B5-5B05E10254C0}.Debug|x64.ActiveCfg = Debug|x64
		{50A8AB91-4F79-3216-88B5-5B05E10254C0}.Debug|x64.Build.0 = Debug|x64
		{50A8AB91-4F79-3216-88B5-5B05E10254C0}.Release|x64.ActiveCfg = Release|x64
		{50A8AB91-4F79-3216-88B5-5B05E10254C0}.Release|x64.Build.0 = Release|x64
		{50A8AB91-4F79-3216-88B5-5B05E10254C0}.MinSizeRel|x64.ActiveCfg = MinSizeRel|x64
		{50A8AB91-4F79-3216-88B5-5B05E10254C0}.MinSizeRel|x64.Build.0 = MinSizeRel|x64
		{50A8AB91-4F79-3216-88B5-5B05E10254C0}.RelWithDebInfo|x64.ActiveCfg = RelWithDebInfo|x64
		{50A8AB91-4F79-3216-88B5-5B05E10254C0}.RelWithDebInfo|x64.Build.0 = RelWithDebInfo|x64
		{B48637FA-626A-398B-B225-5C10F7EB404D}.Debug|x64.ActiveCfg = Debug|x64
		{B48637FA-626A-398B-B225-5C10F7EB404D}.Release|x64.ActiveCfg = Release|x64
		{B48637FA-626A-398B-B225-5C10F7EB404D}.MinSizeRel|x64.ActiveCfg = MinSizeRel|x64
		{B48637FA-626A-398B-B225-5C10F7EB404D}.RelWithDebInfo|x64.ActiveCfg = RelWithDebInfo|x64
	EndGlobalSection
	GlobalSection(NestedProjects) = preSolution
		{BB8CED3A-E01F-3142-B022-0E9EA13EB075} = {0A0497B2-72AF-3233-A381-3938605F32B2}
		{7C75F359-D132-3EC4-9903-70A1A4BBD7C2} = {0A0497B2-72AF-3233-A381-3938605F32B2}
		{B1714679-6A2E-342A-AC65-098983AFC68A} = {0A0497B2-72AF-3233-A381-3938605F32B2}
		{7E31DFCB-3AC2-3145-9A01-E57F3BA3EF7F} = {0A0497B2-72AF-3233-A381-3938605F32B2}
		{4F1685B3-C886-3F81-9880-2EA4098EDAF5} = {77402690-B65A-3ED4-9FD4-459EAA88CBD9}
		{B48637FA-626A-398B-B225-5C10F7EB404D} = {77402690-B65A-3ED4-9FD4-459EAA88CBD9}
	EndGlobalSection
	GlobalSection(ExtensibilityGlobals) = postSolution
		SolutionGuid = {5E47F9C1-778F-3129-A512-4B0E9C7EE5EA}
	EndGlobalSection
	GlobalSection(ExtensibilityAddIns) = postSolution
	EndGlobalSection
EndGlobal
